
Microsoft Visual Studio Solution File, Format Version 12.00
# Visual Studio Version 16
VisualStudioVersion = 16.0.30611.23
MinimumVisualStudioVersion = 10.0.40219.1
Project("{FAE04EC0-301F-11D3-BF4B-00C04F79EFBC}") = "InfiniteLanguageDFA", "InfiniteLanguageDFA\InfiniteLanguageDFA.csproj", "{76CCFE60-FC04-4154-B619-90DE3F856250}"
EndProject
Global
	GlobalSection(SolutionConfigurationPlatforms) = preSolution
		Debug|Any CPU = Debug|Any CPU
		Release|Any CPU = Release|Any CPU
	EndGlobalSection
	GlobalSection(ProjectConfigurationPlatforms) = postSolution
		{76CCFE60-FC04-4154-B619-90DE3F856250}.Debug|Any CPU.ActiveCfg = Debug|Any CPU
		{76CCFE60-FC04-4154-B619-90DE3F856250}.Debug|Any CPU.Build.0 = Debug|Any CPU
		{76CCFE60-FC04-4154-B619-90DE3F856250}.Release|Any CPU.ActiveCfg = Release|Any CPU
		{76CCFE60-FC04-4154-B619-90DE3F856250}.Release|Any CPU.Build.0 = Release|Any CPU
	EndGlobalSection
	GlobalSection(SolutionProperties) = preSolution
		HideSolutionNode = FALSE
	EndGlobalSection
	GlobalSection(ExtensibilityGlobals) = postSolution
		SolutionGuid = {469D459F-20E1-40E7-AA69-ADCAAE66D2D1}
	EndGlobalSection
EndGlobal
